
Microsoft Visual Studio Solution File, Format Version 12.00
# Visual Studio Version 17
VisualStudioVersion = 17.7.34024.191
MinimumVisualStudioVersion = 10.0.40219.1
Project("{FAE04EC0-301F-11D3-BF4B-00C04F79EFBC}") = "HouseRentApp", "HouseRentApp\HouseRentApp.csproj", "{400EF1DA-7B6F-42DD-8002-C0E8136023B3}"
EndProject
Global
	GlobalSection(SolutionConfigurationPlatforms) = preSolution
		Debug|Any CPU = Debug|Any CPU
		Release|Any CPU = Release|Any CPU
	EndGlobalSection
	GlobalSection(ProjectConfigurationPlatforms) = postSolution
		{400EF1DA-7B6F-42DD-8002-C0E8136023B3}.Debug|Any CPU.ActiveCfg = Debug|Any CPU
		{400EF1DA-7B6F-42DD-8002-C0E8136023B3}.Debug|Any CPU.Build.0 = Debug|Any CPU
		{400EF1DA-7B6F-42DD-8002-C0E8136023B3}.Release|Any CPU.ActiveCfg = Release|Any CPU
		{400EF1DA-7B6F-42DD-8002-C0E8136023B3}.Release|Any CPU.Build.0 = Release|Any CPU
	EndGlobalSection
	GlobalSection(SolutionProperties) = preSolution
		HideSolutionNode = FALSE
	EndGlobalSection
	GlobalSection(ExtensibilityGlobals) = postSolution
		SolutionGuid = {03C96FA7-D922-494C-AC33-614E4DD34D10}
	EndGlobalSection
EndGlobal
